
Microsoft Visual Studio Solution File, Format Version 12.00
# Visual Studio Version 17
VisualStudioVersion = 17.0.31903.59
MinimumVisualStudioVersion = 10.0.40219.1
Project("{2150E333-8FDC-42A3-9474-1A3956D46DE8}") = "src", "src", "{A0A7AACE-1122-4F8F-A9D6-E0D303A823AA}"
EndProject
Project("{FAE04EC0-301F-11D3-BF4B-00C04F79EFBC}") = "RaminDownloader", "src\RaminDownloader\RaminDownloader.csproj", "{143025DF-9529-4208-AF61-0CB0F55C3F39}"
EndProject
Project("{2150E333-8FDC-42A3-9474-1A3956D46DE8}") = "tests", "tests", "{FB137E6C-3AC6-4615-B79D-5ABD7D50AD9E}"
EndProject
Project("{FAE04EC0-301F-11D3-BF4B-00C04F79EFBC}") = "RaminDownloader.Tests", "tests\RaminDownloader.Tests\RaminDownloader.Tests.csproj", "{D095FA27-3C01-4AF1-AF56-D57E3B9611F8}"
EndProject
Global
	GlobalSection(SolutionConfigurationPlatforms) = preSolution
		Debug|Any CPU = Debug|Any CPU
		Release|Any CPU = Release|Any CPU
	EndGlobalSection
	GlobalSection(SolutionProperties) = preSolution
		HideSolutionNode = FALSE
	EndGlobalSection
	GlobalSection(ProjectConfigurationPlatforms) = postSolution
		{143025DF-9529-4208-AF61-0CB0F55C3F39}.Debug|Any CPU.ActiveCfg = Debug|Any CPU
		{143025DF-9529-4208-AF61-0CB0F55C3F39}.Debug|Any CPU.Build.0 = Debug|Any CPU
		{143025DF-9529-4208-AF61-0CB0F55C3F39}.Release|Any CPU.ActiveCfg = Release|Any CPU
		{143025DF-9529-4208-AF61-0CB0F55C3F39}.Release|Any CPU.Build.0 = Release|Any CPU
		{D095FA27-3C01-4AF1-AF56-D57E3B9611F8}.Debug|Any CPU.ActiveCfg = Debug|Any CPU
		{D095FA27-3C01-4AF1-AF56-D57E3B9611F8}.Debug|Any CPU.Build.0 = Debug|Any CPU
		{D095FA27-3C01-4AF1-AF56-D57E3B9611F8}.Release|Any CPU.ActiveCfg = Release|Any CPU
		{D095FA27-3C01-4AF1-AF56-D57E3B9611F8}.Release|Any CPU.Build.0 = Release|Any CPU
	EndGlobalSection
	GlobalSection(NestedProjects) = preSolution
		{143025DF-9529-4208-AF61-0CB0F55C3F39} = {A0A7AACE-1122-4F8F-A9D6-E0D303A823AA}
		{D095FA27-3C01-4AF1-AF56-D57E3B9611F8} = {FB137E6C-3AC6-4615-B79D-5ABD7D50AD9E}
	EndGlobalSection
EndGlobal
